// !$*UTF8*$!
{
	archiveVersion = 1;
	classes = {
	};
	objectVersion = 55;
	objects = {

/* Begin PBXBuildFile section */
		015306082874DF4200DF3C45 /* invaders.mp4 in Resources */ = {isa = PBXBuildFile; fileRef = 015306072874DF4200DF3C45 /* invaders.mp4 */; };
		01666C402874F48A00EC0A66 /* debug_GoogleService-Info.plist in Resources */ = {isa = PBXBuildFile; fileRef = 01666C3F2874F48A00EC0A66 /* debug_GoogleService-Info.plist */; };
		01D0428C2878A173007ED285 /* playerShoot.wav in Resources */ = {isa = PBXBuildFile; fileRef = 01D042862878A170007ED285 /* playerShoot.wav */; };
		01D0428D2878A173007ED285 /* explosion.wav in Resources */ = {isa = PBXBuildFile; fileRef = 01D042872878A171007ED285 /* explosion.wav */; };
		01D0428E2878A173007ED285 /* gameOver.wav in Resources */ = {isa = PBXBuildFile; fileRef = 01D042882878A171007ED285 /* gameOver.wav */; };
		01D042902878A173007ED285 /* levelUp.wav in Resources */ = {isa = PBXBuildFile; fileRef = 01D0428A2878A173007ED285 /* levelUp.wav */; };
		01D042952878B003007ED285 /* enemyHit.wav in Resources */ = {isa = PBXBuildFile; fileRef = 01D042942878B003007ED285 /* enemyHit.wav */; };
		01D042972878B118007ED285 /* reload.wav in Resources */ = {isa = PBXBuildFile; fileRef = 01D042962878B118007ED285 /* reload.wav */; };
		01D042992878B1B4007ED285 /* enemyShoot.wav in Resources */ = {isa = PBXBuildFile; fileRef = 01D042982878B1B4007ED285 /* enemyShoot.wav */; };
		01D0429B2878B433007ED285 /* music.wav in Resources */ = {isa = PBXBuildFile; fileRef = 01D0429A2878B433007ED285 /* music.wav */; };
		01D9E7FD2867789200620289 /* AppDelegate.swift in Sources */ = {isa = PBXBuildFile; fileRef = 01D9E7FC2867789200620289 /* AppDelegate.swift */; };
		01D9E8012867789200620289 /* Actions.sks in Resources */ = {isa = PBXBuildFile; fileRef = 01D9E8002867789200620289 /* Actions.sks */; };
		01D9E8032867789200620289 /* GameScene.swift in Sources */ = {isa = PBXBuildFile; fileRef = 01D9E8022867789200620289 /* GameScene.swift */; };
		01D9E8052867789200620289 /* GameViewController.swift in Sources */ = {isa = PBXBuildFile; fileRef = 01D9E8042867789200620289 /* GameViewController.swift */; };
		01D9E8082867789200620289 /* Main.storyboard in Resources */ = {isa = PBXBuildFile; fileRef = 01D9E8062867789200620289 /* Main.storyboard */; };
		01D9E80A2867789300620289 /* Assets.xcassets in Resources */ = {isa = PBXBuildFile; fileRef = 01D9E8092867789300620289 /* Assets.xcassets */; };
		01D9E80D2867789300620289 /* LaunchScreen.storyboard in Resources */ = {isa = PBXBuildFile; fileRef = 01D9E80B2867789300620289 /* LaunchScreen.storyboard */; };
		01D9E8172867789300620289 /* InvadersTests.swift in Sources */ = {isa = PBXBuildFile; fileRef = 01D9E8162867789300620289 /* InvadersTests.swift */; };
		01D9E8212867789300620289 /* InvadersUITests.swift in Sources */ = {isa = PBXBuildFile; fileRef = 01D9E8202867789300620289 /* InvadersUITests.swift */; };
		01D9E8232867789300620289 /* InvadersUITestsLaunchTests.swift in Sources */ = {isa = PBXBuildFile; fileRef = 01D9E8222867789300620289 /* InvadersUITestsLaunchTests.swift */; };
		01D9E8302867DBB400620289 /* Pixel.ttf in Resources */ = {isa = PBXBuildFile; fileRef = 01D9E82F2867DBB400620289 /* Pixel.ttf */; };
		9367AFD199DAC3D1C5C7287A /* Pods_Invaders.framework in Frameworks */ = {isa = PBXBuildFile; fileRef = A78E3949E3AD060025B54601 /* Pods_Invaders.framework */; };
/* End PBXBuildFile section */

/* Begin PBXContainerItemProxy section */
		01D9E8132867789300620289 /* PBXContainerItemProxy */ = {
			isa = PBXContainerItemProxy;
			containerPortal = 01D9E7F12867789200620289 /* Project object */;
			proxyType = 1;
			remoteGlobalIDString = 01D9E7F82867789200620289;
			remoteInfo = Invaders;
		};
		01D9E81D2867789300620289 /* PBXContainerItemProxy */ = {
			isa = PBXContainerItemProxy;
			containerPortal = 01D9E7F12867789200620289 /* Project object */;
			proxyType = 1;
			remoteGlobalIDString = 01D9E7F82867789200620289;
			remoteInfo = Invaders;
		};
/* End PBXContainerItemProxy section */

/* Begin PBXFileReference section */
		015306072874DF4200DF3C45 /* invaders.mp4 */ = {isa = PBXFileReference; lastKnownFileType = file; path = invaders.mp4; sourceTree = "<group>"; };
		01666C3D2874F2C000EC0A66 /* Invaders.entitlements */ = {isa = PBXFileReference; lastKnownFileType = text.plist.entitlements; path = Invaders.entitlements; sourceTree = "<group>"; };
		01666C3F2874F48A00EC0A66 /* debug_GoogleService-Info.plist */ = {isa = PBXFileReference; fileEncoding = 4; lastKnownFileType = text.plist.xml; path = "debug_GoogleService-Info.plist"; sourceTree = "<group>"; };
		01D042862878A170007ED285 /* playerShoot.wav */ = {isa = PBXFileReference; lastKnownFileType = audio.wav; path = playerShoot.wav; sourceTree = "<group>"; };
		01D042872878A171007ED285 /* explosion.wav */ = {isa = PBXFileReference; lastKnownFileType = audio.wav; path = explosion.wav; sourceTree = "<group>"; };
		01D042882878A171007ED285 /* gameOver.wav */ = {isa = PBXFileReference; lastKnownFileType = audio.wav; path = gameOver.wav; sourceTree = "<group>"; };
		01D0428A2878A173007ED285 /* levelUp.wav */ = {isa = PBXFileReference; lastKnownFileType = audio.wav; path = levelUp.wav; sourceTree = "<group>"; };
		01D042942878B003007ED285 /* enemyHit.wav */ = {isa = PBXFileReference; lastKnownFileType = audio.wav; path = enemyHit.wav; sourceTree = "<group>"; };
		01D042962878B118007ED285 /* reload.wav */ = {isa = PBXFileReference; lastKnownFileType = audio.wav; path = reload.wav; sourceTree = "<group>"; };
		01D042982878B1B4007ED285 /* enemyShoot.wav */ = {isa = PBXFileReference; lastKnownFileType = audio.wav; path = enemyShoot.wav; sourceTree = "<group>"; };
		01D0429A2878B433007ED285 /* music.wav */ = {isa = PBXFileReference; lastKnownFileType = audio.wav; path = music.wav; sourceTree = "<group>"; };
		01D9E7F92867789200620289 /* Invaders.app */ = {isa = PBXFileReference; explicitFileType = wrapper.application; includeInIndex = 0; path = Invaders.app; sourceTree = BUILT_PRODUCTS_DIR; };
		01D9E7FC2867789200620289 /* AppDelegate.swift */ = {isa = PBXFileReference; lastKnownFileType = sourcecode.swift; path = AppDelegate.swift; sourceTree = "<group>"; };
		01D9E8002867789200620289 /* Actions.sks */ = {isa = PBXFileReference; lastKnownFileType = file.sks; path = Actions.sks; sourceTree = "<group>"; };
		01D9E8022867789200620289 /* GameScene.swift */ = {isa = PBXFileReference; lastKnownFileType = sourcecode.swift; path = GameScene.swift; sourceTree = "<group>"; };
		01D9E8042867789200620289 /* GameViewController.swift */ = {isa = PBXFileReference; lastKnownFileType = sourcecode.swift; path = GameViewController.swift; sourceTree = "<group>"; };
		01D9E8072867789200620289 /* Base */ = {isa = PBXFileReference; lastKnownFileType = file.storyboard; name = Base; path = Base.lproj/Main.storyboard; sourceTree = "<group>"; };
		01D9E8092867789300620289 /* Assets.xcassets */ = {isa = PBXFileReference; lastKnownFileType = folder.assetcatalog; path = Assets.xcassets; sourceTree = "<group>"; };
		01D9E80C2867789300620289 /* Base */ = {isa = PBXFileReference; lastKnownFileType = file.storyboard; name = Base; path = Base.lproj/LaunchScreen.storyboard; sourceTree = "<group>"; };
		01D9E8122867789300620289 /* InvadersTests.xctest */ = {isa = PBXFileReference; explicitFileType = wrapper.cfbundle; includeInIndex = 0; path = InvadersTests.xctest; sourceTree = BUILT_PRODUCTS_DIR; };
		01D9E8162867789300620289 /* InvadersTests.swift */ = {isa = PBXFileReference; lastKnownFileType = sourcecode.swift; path = InvadersTests.swift; sourceTree = "<group>"; };
		01D9E81C2867789300620289 /* InvadersUITests.xctest */ = {isa = PBXFileReference; explicitFileType = wrapper.cfbundle; includeInIndex = 0; path = InvadersUITests.xctest; sourceTree = BUILT_PRODUCTS_DIR; };
		01D9E8202867789300620289 /* InvadersUITests.swift */ = {isa = PBXFileReference; lastKnownFileType = sourcecode.swift; path = InvadersUITests.swift; sourceTree = "<group>"; };
		01D9E8222867789300620289 /* InvadersUITestsLaunchTests.swift */ = {isa = PBXFileReference; lastKnownFileType = sourcecode.swift; path = InvadersUITestsLaunchTests.swift; sourceTree = "<group>"; };
		01D9E82F2867DBB400620289 /* Pixel.ttf */ = {isa = PBXFileReference; lastKnownFileType = file; path = Pixel.ttf; sourceTree = "<group>"; };
		4FBE35C77B9FEB383B97A4A9 /* Pods-Invaders.release.xcconfig */ = {isa = PBXFileReference; includeInIndex = 1; lastKnownFileType = text.xcconfig; name = "Pods-Invaders.release.xcconfig"; path = "Target Support Files/Pods-Invaders/Pods-Invaders.release.xcconfig"; sourceTree = "<group>"; };
		A78E3949E3AD060025B54601 /* Pods_Invaders.framework */ = {isa = PBXFileReference; explicitFileType = wrapper.framework; includeInIndex = 0; path = Pods_Invaders.framework; sourceTree = BUILT_PRODUCTS_DIR; };
		F32752C4F09185DE961A6092 /* Pods-Invaders.debug.xcconfig */ = {isa = PBXFileReference; includeInIndex = 1; lastKnownFileType = text.xcconfig; name = "Pods-Invaders.debug.xcconfig"; path = "Target Support Files/Pods-Invaders/Pods-Invaders.debug.xcconfig"; sourceTree = "<group>"; };
/* End PBXFileReference section */

/* Begin PBXFrameworksBuildPhase section */
		01D9E7F62867789200620289 /* Frameworks */ = {
			isa = PBXFrameworksBuildPhase;
			buildActionMask = 2147483647;
			files = (
				9367AFD199DAC3D1C5C7287A /* Pods_Invaders.framework in Frameworks */,
			);
			runOnlyForDeploymentPostprocessing = 0;
		};
		01D9E80F2867789300620289 /* Frameworks */ = {
			isa = PBXFrameworksBuildPhase;
			buildActionMask = 2147483647;
			files = (
			);
			runOnlyForDeploymentPostprocessing = 0;
		};
		01D9E8192867789300620289 /* Frameworks */ = {
			isa = PBXFrameworksBuildPhase;
			buildActionMask = 2147483647;
			files = (
			);
			runOnlyForDeploymentPostprocessing = 0;
		};
/* End PBXFrameworksBuildPhase section */

/* Begin PBXGroup section */
		01666C3E2874F47E00EC0A66 /* Google_Properties */ = {
			isa = PBXGroup;
			children = (
				01666C3F2874F48A00EC0A66 /* debug_GoogleService-Info.plist */,
			);
			path = Google_Properties;
			sourceTree = "<group>";
		};
		01D042852878A165007ED285 /* Sounds */ = {
			isa = PBXGroup;
			children = (
				01D0429A2878B433007ED285 /* music.wav */,
				01D042982878B1B4007ED285 /* enemyShoot.wav */,
				01D042962878B118007ED285 /* reload.wav */,
				01D042942878B003007ED285 /* enemyHit.wav */,
				01D042872878A171007ED285 /* explosion.wav */,
				01D042882878A171007ED285 /* gameOver.wav */,
				01D0428A2878A173007ED285 /* levelUp.wav */,
				01D042862878A170007ED285 /* playerShoot.wav */,
			);
			path = Sounds;
			sourceTree = "<group>";
		};
		01D9E7F02867789200620289 = {
			isa = PBXGroup;
			children = (
				01D9E7FB2867789200620289 /* Invaders */,
				01D9E8152867789300620289 /* InvadersTests */,
				01D9E81F2867789300620289 /* InvadersUITests */,
				01D9E7FA2867789200620289 /* Products */,
				6A03BCA45BD643C45BFFEF71 /* Pods */,
				8D30473A67310E7D4BFBD1C2 /* Frameworks */,
			);
			sourceTree = "<group>";
		};
		01D9E7FA2867789200620289 /* Products */ = {
			isa = PBXGroup;
			children = (
				01D9E7F92867789200620289 /* Invaders.app */,
				01D9E8122867789300620289 /* InvadersTests.xctest */,
				01D9E81C2867789300620289 /* InvadersUITests.xctest */,
			);
			name = Products;
			sourceTree = "<group>";
		};
		01D9E7FB2867789200620289 /* Invaders */ = {
			isa = PBXGroup;
			children = (
				01D042852878A165007ED285 /* Sounds */,
				01666C3E2874F47E00EC0A66 /* Google_Properties */,
				01666C3D2874F2C000EC0A66 /* Invaders.entitlements */,
				015306072874DF4200DF3C45 /* invaders.mp4 */,
				01D9E7FC2867789200620289 /* AppDelegate.swift */,
				01D9E8002867789200620289 /* Actions.sks */,
				01D9E8022867789200620289 /* GameScene.swift */,
				01D9E8042867789200620289 /* GameViewController.swift */,
				01D9E8062867789200620289 /* Main.storyboard */,
				01D9E8092867789300620289 /* Assets.xcassets */,
				01D9E80B2867789300620289 /* LaunchScreen.storyboard */,
				01D9E82F2867DBB400620289 /* Pixel.ttf */,
			);
			path = Invaders;
			sourceTree = "<group>";
		};
		01D9E8152867789300620289 /* InvadersTests */ = {
			isa = PBXGroup;
			children = (
				01D9E8162867789300620289 /* InvadersTests.swift */,
			);
			path = InvadersTests;
			sourceTree = "<group>";
		};
		01D9E81F2867789300620289 /* InvadersUITests */ = {
			isa = PBXGroup;
			children = (
				01D9E8202867789300620289 /* InvadersUITests.swift */,
				01D9E8222867789300620289 /* InvadersUITestsLaunchTests.swift */,
			);
			path = InvadersUITests;
			sourceTree = "<group>";
		};
		6A03BCA45BD643C45BFFEF71 /* Pods */ = {
			isa = PBXGroup;
			children = (
				F32752C4F09185DE961A6092 /* Pods-Invaders.debug.xcconfig */,
				4FBE35C77B9FEB383B97A4A9 /* Pods-Invaders.release.xcconfig */,
			);
			path = Pods;
			sourceTree = "<group>";
		};
		8D30473A67310E7D4BFBD1C2 /* Frameworks */ = {
			isa = PBXGroup;
			children = (
				A78E3949E3AD060025B54601 /* Pods_Invaders.framework */,
			);
			name = Frameworks;
			sourceTree = "<group>";
		};
/* End PBXGroup section */

/* Begin PBXNativeTarget section */
		01D9E7F82867789200620289 /* Invaders */ = {
			isa = PBXNativeTarget;
			buildConfigurationList = 01D9E8262867789300620289 /* Build configuration list for PBXNativeTarget "Invaders" */;
			buildPhases = (
				7F607FD6B117523086C8406D /* [CP] Check Pods Manifest.lock */,
				01D9E7F52867789200620289 /* Sources */,
				01D9E7F62867789200620289 /* Frameworks */,
				01666C412874F52400EC0A66 /* ShellScript */,
				01D9E7F72867789200620289 /* Resources */,
				CD0C2AABDD069BB4CC9B5B4E /* [CP] Embed Pods Frameworks */,
				9C7180AB33B73524E948DD0E /* [CP] Copy Pods Resources */,
			);
			buildRules = (
			);
			dependencies = (
			);
			name = Invaders;
			productName = Invaders;
			productReference = 01D9E7F92867789200620289 /* Invaders.app */;
			productType = "com.apple.product-type.application";
		};
		01D9E8112867789300620289 /* InvadersTests */ = {
			isa = PBXNativeTarget;
			buildConfigurationList = 01D9E8292867789300620289 /* Build configuration list for PBXNativeTarget "InvadersTests" */;
			buildPhases = (
				01D9E80E2867789300620289 /* Sources */,
				01D9E80F2867789300620289 /* Frameworks */,
				01D9E8102867789300620289 /* Resources */,
			);
			buildRules = (
			);
			dependencies = (
				01D9E8142867789300620289 /* PBXTargetDependency */,
			);
			name = InvadersTests;
			productName = InvadersTests;
			productReference = 01D9E8122867789300620289 /* InvadersTests.xctest */;
			productType = "com.apple.product-type.bundle.unit-test";
		};
		01D9E81B2867789300620289 /* InvadersUITests */ = {
			isa = PBXNativeTarget;
			buildConfigurationList = 01D9E82C2867789300620289 /* Build configuration list for PBXNativeTarget "InvadersUITests" */;
			buildPhases = (
				01D9E8182867789300620289 /* Sources */,
				01D9E8192867789300620289 /* Frameworks */,
				01D9E81A2867789300620289 /* Resources */,
			);
			buildRules = (
			);
			dependencies = (
				01D9E81E2867789300620289 /* PBXTargetDependency */,
			);
			name = InvadersUITests;
			productName = InvadersUITests;
			productReference = 01D9E81C2867789300620289 /* InvadersUITests.xctest */;
			productType = "com.apple.product-type.bundle.ui-testing";
		};
/* End PBXNativeTarget section */

/* Begin PBXProject section */
		01D9E7F12867789200620289 /* Project object */ = {
			isa = PBXProject;
			attributes = {
				BuildIndependentTargetsInParallel = 1;
				LastSwiftUpdateCheck = 1340;
				LastUpgradeCheck = 1340;
				TargetAttributes = {
					01D9E7F82867789200620289 = {
						CreatedOnToolsVersion = 13.4;
					};
					01D9E8112867789300620289 = {
						CreatedOnToolsVersion = 13.4;
						TestTargetID = 01D9E7F82867789200620289;
					};
					01D9E81B2867789300620289 = {
						CreatedOnToolsVersion = 13.4;
						TestTargetID = 01D9E7F82867789200620289;
					};
				};
			};
			buildConfigurationList = 01D9E7F42867789200620289 /* Build configuration list for PBXProject "Invaders" */;
			compatibilityVersion = "Xcode 13.0";
			developmentRegion = en;
			hasScannedForEncodings = 0;
			knownRegions = (
				en,
				Base,
			);
			mainGroup = 01D9E7F02867789200620289;
			productRefGroup = 01D9E7FA2867789200620289 /* Products */;
			projectDirPath = "";
			projectRoot = "";
			targets = (
				01D9E7F82867789200620289 /* Invaders */,
				01D9E8112867789300620289 /* InvadersTests */,
				01D9E81B2867789300620289 /* InvadersUITests */,
			);
		};
/* End PBXProject section */

/* Begin PBXResourcesBuildPhase section */
		01D9E7F72867789200620289 /* Resources */ = {
			isa = PBXResourcesBuildPhase;
			buildActionMask = 2147483647;
			files = (
				01D042952878B003007ED285 /* enemyHit.wav in Resources */,
				01D0428D2878A173007ED285 /* explosion.wav in Resources */,
				01D9E8082867789200620289 /* Main.storyboard in Resources */,
				01D9E8302867DBB400620289 /* Pixel.ttf in Resources */,
				01D042902878A173007ED285 /* levelUp.wav in Resources */,
				01D9E80A2867789300620289 /* Assets.xcassets in Resources */,
				01D0428E2878A173007ED285 /* gameOver.wav in Resources */,
				015306082874DF4200DF3C45 /* invaders.mp4 in Resources */,
				01666C402874F48A00EC0A66 /* debug_GoogleService-Info.plist in Resources */,
				01D0428C2878A173007ED285 /* playerShoot.wav in Resources */,
				01D9E80D2867789300620289 /* LaunchScreen.storyboard in Resources */,
				01D0429B2878B433007ED285 /* music.wav in Resources */,
				01D9E8012867789200620289 /* Actions.sks in Resources */,
				01D042992878B1B4007ED285 /* enemyShoot.wav in Resources */,
				01D042972878B118007ED285 /* reload.wav in Resources */,
			);
			runOnlyForDeploymentPostprocessing = 0;
		};
		01D9E8102867789300620289 /* Resources */ = {
			isa = PBXResourcesBuildPhase;
			buildActionMask = 2147483647;
			files = (
			);
			runOnlyForDeploymentPostprocessing = 0;
		};
		01D9E81A2867789300620289 /* Resources */ = {
			isa = PBXResourcesBuildPhase;
			buildActionMask = 2147483647;
			files = (
			);
			runOnlyForDeploymentPostprocessing = 0;
		};
/* End PBXResourcesBuildPhase section */

/* Begin PBXShellScriptBuildPhase section */
		01666C412874F52400EC0A66 /* ShellScript */ = {
			isa = PBXShellScriptBuildPhase;
			buildActionMask = 2147483647;
			files = (
			);
			inputFileListPaths = (
			);
			inputPaths = (
			);
			outputFileListPaths = (
			);
			outputPaths = (
			);
			runOnlyForDeploymentPostprocessing = 0;
			shellPath = /bin/sh;
			shellScript = "if [ \"${CONFIGURATION}\" = \"Debug\" ]; then\nGOOGLE_SERVICE_INFO_PLIST_FROM=\"${PROJECT_DIR}/Google_Properties/debug_GoogleService-Info.plist\"\nBUILD_APP_DIR=\"${BUILT_PRODUCTS_DIR}/${FULL_PRODUCT_NAME}\"\nGOOGLE_SERVICE_INFO_PLIST_TO=\"${BUILD_APP_DIR}/GoogleService-Info.plist\"\ncp \"${GOOGLE_SERVICE_INFO_PLIST_FROM}\" \"${GOOGLE_SERVICE_INFO_PLIST_TO}\" \nfi\nif [ \"${CONFIGURATION}\" = \"Staging\" ]; then\nGOOGLE_SERVICE_INFO_PLIST_FROM=\"${PROJECT_DIR}/Google_Properties/dev_GoogleService-Info.plist\"\nBUILD_APP_DIR=\"${BUILT_PRODUCTS_DIR}/${FULL_PRODUCT_NAME}\"\nGOOGLE_SERVICE_INFO_PLIST_TO=\"${BUILD_APP_DIR}/GoogleService-Info.plist\"\ncp \"${GOOGLE_SERVICE_INFO_PLIST_FROM}\" \"${GOOGLE_SERVICE_INFO_PLIST_TO}\" \nfi\nif [ \"${CONFIGURATION}\" = \"Release\" ]; then\nGOOGLE_SERVICE_INFO_PLIST_FROM=\"${PROJECT_DIR}/Google_Properties/prod_GoogleService-Info.plist\"\nBUILD_APP_DIR=\"${BUILT_PRODUCTS_DIR}/${FULL_PRODUCT_NAME}\"\nGOOGLE_SERVICE_INFO_PLIST_TO=\"${BUILD_APP_DIR}/GoogleService-Info.plist\"\ncp \"${GOOGLE_SERVICE_INFO_PLIST_FROM}\" \"${GOOGLE_SERVICE_INFO_PLIST_TO}\" \nfi\n";
		};
		7F607FD6B117523086C8406D /* [CP] Check Pods Manifest.lock */ = {
			isa = PBXShellScriptBuildPhase;
			buildActionMask = 2147483647;
			files = (
			);
			inputFileListPaths = (
			);
			inputPaths = (
				"${PODS_PODFILE_DIR_PATH}/Podfile.lock",
				"${PODS_ROOT}/Manifest.lock",
			);
			name = "[CP] Check Pods Manifest.lock";
			outputFileListPaths = (
			);
			outputPaths = (
				"$(DERIVED_FILE_DIR)/Pods-Invaders-checkManifestLockResult.txt",
			);
			runOnlyForDeploymentPostprocessing = 0;
			shellPath = /bin/sh;
			shellScript = "diff \"${PODS_PODFILE_DIR_PATH}/Podfile.lock\" \"${PODS_ROOT}/Manifest.lock\" > /dev/null\nif [ $? != 0 ] ; then\n    # print error to STDERR\n    echo \"error: The sandbox is not in sync with the Podfile.lock. Run 'pod install' or update your CocoaPods installation.\" >&2\n    exit 1\nfi\n# This output is used by Xcode 'outputs' to avoid re-running this script phase.\necho \"SUCCESS\" > \"${SCRIPT_OUTPUT_FILE_0}\"\n";
			showEnvVarsInLog = 0;
		};
		9C7180AB33B73524E948DD0E /* [CP] Copy Pods Resources */ = {
			isa = PBXShellScriptBuildPhase;
			buildActionMask = 2147483647;
			files = (
			);
			inputFileListPaths = (
				"${PODS_ROOT}/Target Support Files/Pods-Invaders/Pods-Invaders-resources-${CONFIGURATION}-input-files.xcfilelist",
			);
			name = "[CP] Copy Pods Resources";
			outputFileListPaths = (
				"${PODS_ROOT}/Target Support Files/Pods-Invaders/Pods-Invaders-resources-${CONFIGURATION}-output-files.xcfilelist",
			);
			runOnlyForDeploymentPostprocessing = 0;
			shellPath = /bin/sh;
			shellScript = "\"${PODS_ROOT}/Target Support Files/Pods-Invaders/Pods-Invaders-resources.sh\"\n";
			showEnvVarsInLog = 0;
		};
		CD0C2AABDD069BB4CC9B5B4E /* [CP] Embed Pods Frameworks */ = {
			isa = PBXShellScriptBuildPhase;
			buildActionMask = 2147483647;
			files = (
			);
			inputFileListPaths = (
				"${PODS_ROOT}/Target Support Files/Pods-Invaders/Pods-Invaders-frameworks-${CONFIGURATION}-input-files.xcfilelist",
			);
			name = "[CP] Embed Pods Frameworks";
			outputFileListPaths = (
				"${PODS_ROOT}/Target Support Files/Pods-Invaders/Pods-Invaders-frameworks-${CONFIGURATION}-output-files.xcfilelist",
			);
			runOnlyForDeploymentPostprocessing = 0;
			shellPath = /bin/sh;
			shellScript = "\"${PODS_ROOT}/Target Support Files/Pods-Invaders/Pods-Invaders-frameworks.sh\"\n";
			showEnvVarsInLog = 0;
		};
/* End PBXShellScriptBuildPhase section */

/* Begin PBXSourcesBuildPhase section */
		01D9E7F52867789200620289 /* Sources */ = {
			isa = PBXSourcesBuildPhase;
			buildActionMask = 2147483647;
			files = (
				01D9E8032867789200620289 /* GameScene.swift in Sources */,
				01D9E8052867789200620289 /* GameViewController.swift in Sources */,
				01D9E7FD2867789200620289 /* AppDelegate.swift in Sources */,
			);
			runOnlyForDeploymentPostprocessing = 0;
		};
		01D9E80E2867789300620289 /* Sources */ = {
			isa = PBXSourcesBuildPhase;
			buildActionMask = 2147483647;
			files = (
				01D9E8172867789300620289 /* InvadersTests.swift in Sources */,
			);
			runOnlyForDeploymentPostprocessing = 0;
		};
		01D9E8182867789300620289 /* Sources */ = {
			isa = PBXSourcesBuildPhase;
			buildActionMask = 2147483647;
			files = (
				01D9E8232867789300620289 /* InvadersUITestsLaunchTests.swift in Sources */,
				01D9E8212867789300620289 /* InvadersUITests.swift in Sources */,
			);
			runOnlyForDeploymentPostprocessing = 0;
		};
/* End PBXSourcesBuildPhase section */

/* Begin PBXTargetDependency section */
		01D9E8142867789300620289 /* PBXTargetDependency */ = {
			isa = PBXTargetDependency;
			target = 01D9E7F82867789200620289 /* Invaders */;
			targetProxy = 01D9E8132867789300620289 /* PBXContainerItemProxy */;
		};
		01D9E81E2867789300620289 /* PBXTargetDependency */ = {
			isa = PBXTargetDependency;
			target = 01D9E7F82867789200620289 /* Invaders */;
			targetProxy = 01D9E81D2867789300620289 /* PBXContainerItemProxy */;
		};
/* End PBXTargetDependency section */

/* Begin PBXVariantGroup section */
		01D9E8062867789200620289 /* Main.storyboard */ = {
			isa = PBXVariantGroup;
			children = (
				01D9E8072867789200620289 /* Base */,
			);
			name = Main.storyboard;
			sourceTree = "<group>";
		};
		01D9E80B2867789300620289 /* LaunchScreen.storyboard */ = {
			isa = PBXVariantGroup;
			children = (
				01D9E80C2867789300620289 /* Base */,
			);
			name = LaunchScreen.storyboard;
			sourceTree = "<group>";
		};
/* End PBXVariantGroup section */

/* Begin XCBuildConfiguration section */
		01D9E8242867789300620289 /* Debug */ = {
			isa = XCBuildConfiguration;
			buildSettings = {
				ALWAYS_SEARCH_USER_PATHS = NO;
				CLANG_ANALYZER_NONNULL = YES;
				CLANG_ANALYZER_NUMBER_OBJECT_CONVERSION = YES_AGGRESSIVE;
				CLANG_CXX_LANGUAGE_STANDARD = "gnu++17";
				CLANG_ENABLE_MODULES = YES;
				CLANG_ENABLE_OBJC_ARC = YES;
				CLANG_ENABLE_OBJC_WEAK = YES;
				CLANG_WARN_BLOCK_CAPTURE_AUTORELEASING = YES;
				CLANG_WARN_BOOL_CONVERSION = YES;
				CLANG_WARN_COMMA = YES;
				CLANG_WARN_CONSTANT_CONVERSION = YES;
				CLANG_WARN_DEPRECATED_OBJC_IMPLEMENTATIONS = YES;
				CLANG_WARN_DIRECT_OBJC_ISA_USAGE = YES_ERROR;
				CLANG_WARN_DOCUMENTATION_COMMENTS = YES;
				CLANG_WARN_EMPTY_BODY = YES;
				CLANG_WARN_ENUM_CONVERSION = YES;
				CLANG_WARN_INFINITE_RECURSION = YES;
				CLANG_WARN_INT_CONVERSION = YES;
				CLANG_WARN_NON_LITERAL_NULL_CONVERSION = YES;
				CLANG_WARN_OBJC_IMPLICIT_RETAIN_SELF = YES;
				CLANG_WARN_OBJC_LITERAL_CONVERSION = YES;
				CLANG_WARN_OBJC_ROOT_CLASS = YES_ERROR;
				CLANG_WARN_QUOTED_INCLUDE_IN_FRAMEWORK_HEADER = YES;
				CLANG_WARN_RANGE_LOOP_ANALYSIS = YES;
				CLANG_WARN_STRICT_PROTOTYPES = YES;
				CLANG_WARN_SUSPICIOUS_MOVE = YES;
				CLANG_WARN_UNGUARDED_AVAILABILITY = YES_AGGRESSIVE;
				CLANG_WARN_UNREACHABLE_CODE = YES;
				CLANG_WARN__DUPLICATE_METHOD_MATCH = YES;
				COPY_PHASE_STRIP = NO;
				DEBUG_INFORMATION_FORMAT = dwarf;
				ENABLE_STRICT_OBJC_MSGSEND = YES;
				ENABLE_TESTABILITY = YES;
				GCC_C_LANGUAGE_STANDARD = gnu11;
				GCC_DYNAMIC_NO_PIC = NO;
				GCC_NO_COMMON_BLOCKS = YES;
				GCC_OPTIMIZATION_LEVEL = 0;
				GCC_PREPROCESSOR_DEFINITIONS = (
					"DEBUG=1",
					"$(inherited)",
				);
				GCC_WARN_64_TO_32_BIT_CONVERSION = YES;
				GCC_WARN_ABOUT_RETURN_TYPE = YES_ERROR;
				GCC_WARN_UNDECLARED_SELECTOR = YES;
				GCC_WARN_UNINITIALIZED_AUTOS = YES_AGGRESSIVE;
				GCC_WARN_UNUSED_FUNCTION = YES;
				GCC_WARN_UNUSED_VARIABLE = YES;
				IPHONEOS_DEPLOYMENT_TARGET = 14.0;
				MTL_ENABLE_DEBUG_INFO = INCLUDE_SOURCE;
				MTL_FAST_MATH = YES;
				ONLY_ACTIVE_ARCH = YES;
				SDKROOT = iphoneos;
				SWIFT_ACTIVE_COMPILATION_CONDITIONS = DEBUG;
				SWIFT_OPTIMIZATION_LEVEL = "-Onone";
			};
			name = Debug;
		};
		01D9E8252867789300620289 /* Release */ = {
			isa = XCBuildConfiguration;
			buildSettings = {
				ALWAYS_SEARCH_USER_PATHS = NO;
				CLANG_ANALYZER_NONNULL = YES;
				CLANG_ANALYZER_NUMBER_OBJECT_CONVERSION = YES_AGGRESSIVE;
				CLANG_CXX_LANGUAGE_STANDARD = "gnu++17";
				CLANG_ENABLE_MODULES = YES;
				CLANG_ENABLE_OBJC_ARC = YES;
				CLANG_ENABLE_OBJC_WEAK = YES;
				CLANG_WARN_BLOCK_CAPTURE_AUTORELEASING = YES;
				CLANG_WARN_BOOL_CONVERSION = YES;
				CLANG_WARN_COMMA = YES;
				CLANG_WARN_CONSTANT_CONVERSION = YES;
				CLANG_WARN_DEPRECATED_OBJC_IMPLEMENTATIONS = YES;
				CLANG_WARN_DIRECT_OBJC_ISA_USAGE = YES_ERROR;
				CLANG_WARN_DOCUMENTATION_COMMENTS = YES;
				CLANG_WARN_EMPTY_BODY = YES;
				CLANG_WARN_ENUM_CONVERSION = YES;
				CLANG_WARN_INFINITE_RECURSION = YES;
				CLANG_WARN_INT_CONVERSION = YES;
				CLANG_WARN_NON_LITERAL_NULL_CONVERSION = YES;
				CLANG_WARN_OBJC_IMPLICIT_RETAIN_SELF = YES;
				CLANG_WARN_OBJC_LITERAL_CONVERSION = YES;
				CLANG_WARN_OBJC_ROOT_CLASS = YES_ERROR;
				CLANG_WARN_QUOTED_INCLUDE_IN_FRAMEWORK_HEADER = YES;
				CLANG_WARN_RANGE_LOOP_ANALYSIS = YES;
				CLANG_WARN_STRICT_PROTOTYPES = YES;
				CLANG_WARN_SUSPICIOUS_MOVE = YES;
				CLANG_WARN_UNGUARDED_AVAILABILITY = YES_AGGRESSIVE;
				CLANG_WARN_UNREACHABLE_CODE = YES;
				CLANG_WARN__DUPLICATE_METHOD_MATCH = YES;
				COPY_PHASE_STRIP = NO;
				DEBUG_INFORMATION_FORMAT = "dwarf-with-dsym";
				ENABLE_NS_ASSERTIONS = NO;
				ENABLE_STRICT_OBJC_MSGSEND = YES;
				GCC_C_LANGUAGE_STANDARD = gnu11;
				GCC_NO_COMMON_BLOCKS = YES;
				GCC_WARN_64_TO_32_BIT_CONVERSION = YES;
				GCC_WARN_ABOUT_RETURN_TYPE = YES_ERROR;
				GCC_WARN_UNDECLARED_SELECTOR = YES;
				GCC_WARN_UNINITIALIZED_AUTOS = YES_AGGRESSIVE;
				GCC_WARN_UNUSED_FUNCTION = YES;
				GCC_WARN_UNUSED_VARIABLE = YES;
				IPHONEOS_DEPLOYMENT_TARGET = 14.0;
				MTL_ENABLE_DEBUG_INFO = NO;
				MTL_FAST_MATH = YES;
				SDKROOT = iphoneos;
				SWIFT_COMPILATION_MODE = wholemodule;
				SWIFT_OPTIMIZATION_LEVEL = "-O";
				VALIDATE_PRODUCT = YES;
			};
			name = Release;
		};
		01D9E8272867789300620289 /* Debug */ = {
			isa = XCBuildConfiguration;
			baseConfigurationReference = F32752C4F09185DE961A6092 /* Pods-Invaders.debug.xcconfig */;
			buildSettings = {
				ASSETCATALOG_COMPILER_APPICON_NAME = AppIcon;
				ASSETCATALOG_COMPILER_GLOBAL_ACCENT_COLOR_NAME = AccentColor;
				CODE_SIGN_ENTITLEMENTS = Invaders/Invaders.entitlements;
				CODE_SIGN_STYLE = Automatic;
				CURRENT_PROJECT_VERSION = 3;
				DEVELOPMENT_TEAM = PM79C3BXFD;
				GENERATE_INFOPLIST_FILE = YES;
				INFOPLIST_FILE = Invaders/Info.plist;
				INFOPLIST_KEY_NSCameraUsageDescription = "Please allow camera usage by our app to take a profile picture.";
				INFOPLIST_KEY_NSLocationAlwaysAndWhenInUseUsageDescription = "We need to ensure you are in one of our operating states. Your location data only used on device, and cannot be seen by Triumph.";
				INFOPLIST_KEY_NSLocationWhenInUseUsageDescription = "We need to ensure you are in one of our operating states. Your location data only used on device, and cannot be seen by Triumph.";
				INFOPLIST_KEY_NSPhotoLibraryUsageDescription = "Please give us access to your photo library so we can identify you.";
				INFOPLIST_KEY_UIApplicationSupportsIndirectInputEvents = YES;
				INFOPLIST_KEY_UILaunchStoryboardName = LaunchScreen;
				INFOPLIST_KEY_UIMainStoryboardFile = Main;
				INFOPLIST_KEY_UIStatusBarHidden = YES;
				INFOPLIST_KEY_UISupportedInterfaceOrientations_iPad = "UIInterfaceOrientationPortrait UIInterfaceOrientationPortraitUpsideDown UIInterfaceOrientationLandscapeLeft UIInterfaceOrientationLandscapeRight";
				INFOPLIST_KEY_UISupportedInterfaceOrientations_iPhone = UIInterfaceOrientationPortrait;
				IPHONEOS_DEPLOYMENT_TARGET = 14.0;
				LD_RUNPATH_SEARCH_PATHS = (
					"$(inherited)",
					"@executable_path/Frameworks",
				);
				MARKETING_VERSION = 1.0;
				PRODUCT_BUNDLE_IDENTIFIER = com.shyamkumar.TriumphInvaders;
				PRODUCT_NAME = "$(TARGET_NAME)";
				SWIFT_EMIT_LOC_STRINGS = YES;
				SWIFT_VERSION = 5.0;
				TARGETED_DEVICE_FAMILY = 1;
			};
			name = Debug;
		};
		01D9E8282867789300620289 /* Release */ = {
			isa = XCBuildConfiguration;
			baseConfigurationReference = 4FBE35C77B9FEB383B97A4A9 /* Pods-Invaders.release.xcconfig */;
			buildSettings = {
				ASSETCATALOG_COMPILER_APPICON_NAME = AppIcon;
				ASSETCATALOG_COMPILER_GLOBAL_ACCENT_COLOR_NAME = AccentColor;
				CODE_SIGN_ENTITLEMENTS = Invaders/Invaders.entitlements;
				CODE_SIGN_STYLE = Automatic;
				CURRENT_PROJECT_VERSION = 3;
				DEVELOPMENT_TEAM = PM79C3BXFD;
				GENERATE_INFOPLIST_FILE = YES;
				INFOPLIST_FILE = Invaders/Info.plist;
				INFOPLIST_KEY_NSCameraUsageDescription = "Please allow camera usage by our app to take a profile picture.";
				INFOPLIST_KEY_NSLocationAlwaysAndWhenInUseUsageDescription = "We need to ensure you are in one of our operating states. Your location data only used on device, and cannot be seen by Triumph.";
				INFOPLIST_KEY_NSLocationWhenInUseUsageDescription = "We need to ensure you are in one of our operating states. Your location data only used on device, and cannot be seen by Triumph.";
				INFOPLIST_KEY_NSPhotoLibraryUsageDescription = "Please give us access to your photo library so we can identify you.";
				INFOPLIST_KEY_UIApplicationSupportsIndirectInputEvents = YES;
				INFOPLIST_KEY_UILaunchStoryboardName = LaunchScreen;
				INFOPLIST_KEY_UIMainStoryboardFile = Main;
				INFOPLIST_KEY_UIStatusBarHidden = YES;
				INFOPLIST_KEY_UISupportedInterfaceOrientations_iPad = "UIInterfaceOrientationPortrait UIInterfaceOrientationPortraitUpsideDown UIInterfaceOrientationLandscapeLeft UIInterfaceOrientationLandscapeRight";
				INFOPLIST_KEY_UISupportedInterfaceOrientations_iPhone = UIInterfaceOrientationPortrait;
				IPHONEOS_DEPLOYMENT_TARGET = 14.0;
				LD_RUNPATH_SEARCH_PATHS = (
					"$(inherited)",
					"@executable_path/Frameworks",
				);
				MARKETING_VERSION = 1.0;
				PRODUCT_BUNDLE_IDENTIFIER = com.shyamkumar.TriumphInvaders;
				PRODUCT_NAME = "$(TARGET_NAME)";
				SWIFT_EMIT_LOC_STRINGS = YES;
				SWIFT_VERSION = 5.0;
				TARGETED_DEVICE_FAMILY = 1;
			};
			name = Release;
		};
		01D9E82A2867789300620289 /* Debug */ = {
			isa = XCBuildConfiguration;
			buildSettings = {
				ALWAYS_EMBED_SWIFT_STANDARD_LIBRARIES = YES;
				BUNDLE_LOADER = "$(TEST_HOST)";
				CODE_SIGN_STYLE = Automatic;
				CURRENT_PROJECT_VERSION = 1;
				DEVELOPMENT_TEAM = A6LGJBXTJ7;
				GENERATE_INFOPLIST_FILE = YES;
				IPHONEOS_DEPLOYMENT_TARGET = 15.5;
				MARKETING_VERSION = 1.0;
				PRODUCT_BUNDLE_IDENTIFIER = com.shyamkumar.InvadersTests;
				PRODUCT_NAME = "$(TARGET_NAME)";
				SWIFT_EMIT_LOC_STRINGS = NO;
				SWIFT_VERSION = 5.0;
				TARGETED_DEVICE_FAMILY = "1,2";
				TEST_HOST = "$(BUILT_PRODUCTS_DIR)/Invaders.app/Invaders";
			};
			name = Debug;
		};
		01D9E82B2867789300620289 /* Release */ = {
			isa = XCBuildConfiguration;
			buildSettings = {
				ALWAYS_EMBED_SWIFT_STANDARD_LIBRARIES = YES;
				BUNDLE_LOADER = "$(TEST_HOST)";
				CODE_SIGN_STYLE = Automatic;
				CURRENT_PROJECT_VERSION = 1;
				DEVELOPMENT_TEAM = A6LGJBXTJ7;
				GENERATE_INFOPLIST_FILE = YES;
				IPHONEOS_DEPLOYMENT_TARGET = 15.5;
				MARKETING_VERSION = 1.0;
				PRODUCT_BUNDLE_IDENTIFIER = com.shyamkumar.InvadersTests;
				PRODUCT_NAME = "$(TARGET_NAME)";
				SWIFT_EMIT_LOC_STRINGS = NO;
				SWIFT_VERSION = 5.0;
				TARGETED_DEVICE_FAMILY = "1,2";
				TEST_HOST = "$(BUILT_PRODUCTS_DIR)/Invaders.app/Invaders";
			};
			name = Release;
		};
		01D9E82D2867789300620289 /* Debug */ = {
			isa = XCBuildConfiguration;
			buildSettings = {
				ALWAYS_EMBED_SWIFT_STANDARD_LIBRARIES = YES;
				CODE_SIGN_STYLE = Automatic;
				CURRENT_PROJECT_VERSION = 1;
				DEVELOPMENT_TEAM = A6LGJBXTJ7;
				GENERATE_INFOPLIST_FILE = YES;
				MARKETING_VERSION = 1.0;
				PRODUCT_BUNDLE_IDENTIFIER = com.shyamkumar.InvadersUITests;
				PRODUCT_NAME = "$(TARGET_NAME)";
				SWIFT_EMIT_LOC_STRINGS = NO;
				SWIFT_VERSION = 5.0;
				TARGETED_DEVICE_FAMILY = "1,2";
				TEST_TARGET_NAME = Invaders;
			};
			name = Debug;
		};
		01D9E82E2867789300620289 /* Release */ = {
			isa = XCBuildConfiguration;
			buildSettings = {
				ALWAYS_EMBED_SWIFT_STANDARD_LIBRARIES = YES;
				CODE_SIGN_STYLE = Automatic;
				CURRENT_PROJECT_VERSION = 1;
				DEVELOPMENT_TEAM = A6LGJBXTJ7;
				GENERATE_INFOPLIST_FILE = YES;
				MARKETING_VERSION = 1.0;
				PRODUCT_BUNDLE_IDENTIFIER = com.shyamkumar.InvadersUITests;
				PRODUCT_NAME = "$(TARGET_NAME)";
				SWIFT_EMIT_LOC_STRINGS = NO;
				SWIFT_VERSION = 5.0;
				TARGETED_DEVICE_FAMILY = "1,2";
				TEST_TARGET_NAME = Invaders;
			};
			name = Release;
		};
/* End XCBuildConfiguration section */

/* Begin XCConfigurationList section */
		01D9E7F42867789200620289 /* Build configuration list for PBXProject "Invaders" */ = {
			isa = XCConfigurationList;
			buildConfigurations = (
				01D9E8242867789300620289 /* Debug */,
				01D9E8252867789300620289 /* Release */,
			);
			defaultConfigurationIsVisible = 0;
			defaultConfigurationName = Release;
		};
		01D9E8262867789300620289 /* Build configuration list for PBXNativeTarget "Invaders" */ = {
			isa = XCConfigurationList;
			buildConfigurations = (
				01D9E8272867789300620289 /* Debug */,
				01D9E8282867789300620289 /* Release */,
			);
			defaultConfigurationIsVisible = 0;
			defaultConfigurationName = Release;
		};
		01D9E8292867789300620289 /* Build configuration list for PBXNativeTarget "InvadersTests" */ = {
			isa = XCConfigurationList;
			buildConfigurations = (
				01D9E82A2867789300620289 /* Debug */,
				01D9E82B2867789300620289 /* Release */,
			);
			defaultConfigurationIsVisible = 0;
			defaultConfigurationName = Release;
		};
		01D9E82C2867789300620289 /* Build configuration list for PBXNativeTarget "InvadersUITests" */ = {
			isa = XCConfigurationList;
			buildConfigurations = (
				01D9E82D2867789300620289 /* Debug */,
				01D9E82E2867789300620289 /* Release */,
			);
			defaultConfigurationIsVisible = 0;
			defaultConfigurationName = Release;
		};
/* End XCConfigurationList section */
	};
	rootObject = 01D9E7F12867789200620289 /* Project object */;
}
