<?xml version="1.0" encoding="UTF-8"?>
<Scheme
   LastUpgradeVersion = "1340"
   version = "1.7">
   <BuildAction
      parallelizeBuildables = "YES"
      buildImplicitDependencies = "YES">
      <PreActions>
         <ExecutionAction
            ActionType = "Xcode.IDEStandardExecutionActionsCore.ExecutionActionType.ShellScriptAction">
            <ActionContent
               title = "Run Script"
               scriptText = "cd $PROJECT_DIR&#10;cd $PROJECT_DIR&#10;# cp -r &quot;Google_Properties/debug_GoogleService-Info.plist&quot; &quot;${BUILT_PRODUCTS_DIR}/${PRODUCT_NAME}.app/GoogleService-Info.plist&quot;&#10;/usr/libexec/PlistBuddy -c &quot;Set :CFBundleURLTypes:0:CFBundleURLSchemes:0 app-1-967969074570-ios-e1b46e6c899852296a6c73&quot; Invaders/Info.plist&#10;val=$(/usr/libexec/PlistBuddy -c &quot;Print :BaseURL&quot; Invaders/Info.plist)&#10;exitCode=$?&#10;if [ $exitCode == 0 ] &#10;then&#10;/usr/libexec/PlistBuddy -c &quot;Set :BaseURL https://debug-api.triumpharcade.com&quot; Invaders/Info.plist&#10;else&#10;/usr/libexec/PlistBuddy -c &quot;Add :BaseURL string https://debug-api.triumpharcade.com&quot; Invaders/Info.plist&#10;fi&#10;ver=$(/usr/libexec/PlistBuddy -c &quot;Print :IsAppVerificationDisabledForTesting&quot; Invaders/Info.plist)&#10;exitCode=$?&#10;if [ $exitCode == 0 ] &#10;then&#10;/usr/libexec/PlistBuddy -c &quot;Set :IsAppVerificationDisabledForTesting YES&quot; Invaders/Info.plist&#10;else&#10;/usr/libexec/PlistBuddy -c &quot;Add :IsAppVerificationDisabledForTesting bool YES&quot; Invaders/Info.plist&#10;fi&#10;stor=$(/usr/libexec/PlistBuddy -c &quot;Print :StorageURL&quot; Invaders/Info.plist)&#10;exitCode=$?&#10;if [ $exitCode == 0 ] &#10;then&#10;/usr/libexec/PlistBuddy -c &quot;Set :StorageURL gs://triumph-debug.appspot.com&quot; Invaders/Info.plist&#10;else&#10;/usr/libexec/PlistBuddy -c &quot;Add :StorageURL string gs://triumph-debug.appspot.com&quot; Invaders/Info.plist&#10;fi&#10;env=$(/usr/libexec/PlistBuddy -c &quot;Print :Environment&quot; Invaders/Info.plist)&#10;exitCode=$?&#10;if [ $exitCode == 0 ] &#10;then&#10;/usr/libexec/PlistBuddy -c &quot;Set :Environment debug&quot; Invaders/Info.plist&#10;else&#10;/usr/libexec/PlistBuddy -c &quot;Add :Environment string debug&quot; Invaders/Info.plist&#10;fi&#10;schemes=$(curl https://debug-api.triumpharcade.com/onboarding/url_schemes)&#10;schemeArr=$(echo $schemes | cut -d &quot;:&quot; -f 2 | tr -d [ | tr -d ] | tr -d &apos;}&apos; | tr -d &apos;&quot;&apos;)&#10;intSchemeArr=${schemeArr//,/ }&#10;finalSchemeArr=($intSchemeArr)&#10;scheme=$(/usr/libexec/PlistBuddy -c &quot;Print :LSApplicationQueriesSchemes&quot; Invaders/Info.plist)&#10;exitCode=$?&#10;if [ $exitCode != 0 ]&#10;then&#10;/usr/libexec/PlistBuddy -c &quot;Add :LSApplicationQueriesSchemes array ${array}&quot; Invaders/Info.plist&#10;else&#10;/usr/libexec/PlistBuddy -c &quot;Delete :LSApplicationQueriesSchemes&quot; Invaders/Info.plist&#10;/usr/libexec/PlistBuddy -c &quot;Add :LSApplicationQueriesSchemes array ${array}&quot; Invaders/Info.plist&#10;fi&#10;for element in &quot;${finalSchemeArr[@]}&quot;&#10;do&#10;/usr/libexec/PlistBuddy -c &quot;Add LSApplicationQueriesSchemes: string ${element}&quot; Invaders/Info.plist&#10;done&#10;/usr/libexec/PlistBuddy -c &quot;Add LSApplicationQueriesSchemes: string cydia&quot; Invaders/Info.plist&#10;&#10;&#10;">
               <EnvironmentBuildable>
                  <BuildableReference
                     BuildableIdentifier = "primary"
                     BlueprintIdentifier = "01D9E7F82867789200620289"
                     BuildableName = "Invaders.app"
                     BlueprintName = "Invaders"
                     ReferencedContainer = "container:Invaders.xcodeproj">
                  </BuildableReference>
               </EnvironmentBuildable>
            </ActionContent>
         </ExecutionAction>
      </PreActions>
      <BuildActionEntries>
         <BuildActionEntry
            buildForTesting = "YES"
            buildForRunning = "YES"
            buildForProfiling = "YES"
            buildForArchiving = "YES"
            buildForAnalyzing = "YES">
            <BuildableReference
               BuildableIdentifier = "primary"
               BlueprintIdentifier = "01D9E7F82867789200620289"
               BuildableName = "Invaders.app"
               BlueprintName = "Invaders"
               ReferencedContainer = "container:Invaders.xcodeproj">
            </BuildableReference>
         </BuildActionEntry>
      </BuildActionEntries>
   </BuildAction>
   <TestAction
      buildConfiguration = "Debug"
      selectedDebuggerIdentifier = "Xcode.DebuggerFoundation.Debugger.LLDB"
      selectedLauncherIdentifier = "Xcode.DebuggerFoundation.Launcher.LLDB"
      shouldUseLaunchSchemeArgsEnv = "YES">
      <Testables>
      </Testables>
   </TestAction>
   <LaunchAction
      buildConfiguration = "Debug"
      selectedDebuggerIdentifier = "Xcode.DebuggerFoundation.Debugger.LLDB"
      selectedLauncherIdentifier = "Xcode.DebuggerFoundation.Launcher.LLDB"
      launchStyle = "0"
      useCustomWorkingDirectory = "NO"
      ignoresPersistentStateOnLaunch = "NO"
      debugDocumentVersioning = "YES"
      debugServiceExtension = "internal"
      allowLocationSimulation = "YES">
      <BuildableProductRunnable
         runnableDebuggingMode = "0">
         <BuildableReference
            BuildableIdentifier = "primary"
            BlueprintIdentifier = "01D9E7F82867789200620289"
            BuildableName = "Invaders.app"
            BlueprintName = "Invaders"
            ReferencedContainer = "container:Invaders.xcodeproj">
         </BuildableReference>
      </BuildableProductRunnable>
   </LaunchAction>
   <ProfileAction
      buildConfiguration = "Release"
      shouldUseLaunchSchemeArgsEnv = "YES"
      savedToolIdentifier = ""
      useCustomWorkingDirectory = "NO"
      debugDocumentVersioning = "YES">
      <BuildableProductRunnable
         runnableDebuggingMode = "0">
         <BuildableReference
            BuildableIdentifier = "primary"
            BlueprintIdentifier = "01D9E7F82867789200620289"
            BuildableName = "Invaders.app"
            BlueprintName = "Invaders"
            ReferencedContainer = "container:Invaders.xcodeproj">
         </BuildableReference>
      </BuildableProductRunnable>
   </ProfileAction>
   <AnalyzeAction
      buildConfiguration = "Debug">
   </AnalyzeAction>
   <ArchiveAction
      buildConfiguration = "Debug"
      revealArchiveInOrganizer = "YES">
   </ArchiveAction>
</Scheme>
